
Microsoft Visual Studio Solution File, Format Version 12.00
# Visual Studio 15
VisualStudioVersion = 15.0.28307.168
MinimumVisualStudioVersion = 10.0.40219.1
Project("{FAE04EC0-301F-11D3-BF4B-00C04F79EFBC}") = "DotNetFrameworkSignalR", "DotNetFrameworkSignalR\DotNetFrameworkSignalR.csproj", "{082D4B92-EA28-49B4-98FC-FA231B20CCE1}"
EndProject
Global
	GlobalSection(SolutionConfigurationPlatforms) = preSolution
		Debug|Any CPU = Debug|Any CPU
		Release|Any CPU = Release|Any CPU
	EndGlobalSection
	GlobalSection(ProjectConfigurationPlatforms) = postSolution
		{082D4B92-EA28-49B4-98FC-FA231B20CCE1}.Debug|Any CPU.ActiveCfg = Debug|Any CPU
		{082D4B92-EA28-49B4-98FC-FA231B20CCE1}.Debug|Any CPU.Build.0 = Debug|Any CPU
		{082D4B92-EA28-49B4-98FC-FA231B20CCE1}.Release|Any CPU.ActiveCfg = Release|Any CPU
		{082D4B92-EA28-49B4-98FC-FA231B20CCE1}.Release|Any CPU.Build.0 = Release|Any CPU
	EndGlobalSection
	GlobalSection(SolutionProperties) = preSolution
		HideSolutionNode = FALSE
	EndGlobalSection
	GlobalSection(ExtensibilityGlobals) = postSolution
		SolutionGuid = {84234A77-E7FB-4EC9-8F57-93C93C334ED7}
	EndGlobalSection
EndGlobal
